// !$*UTF8*$!
{
	archiveVersion = 1;
	classes = {
	};
	objectVersion = 56;
	objects = {

/* Begin PBXBuildFile section */
		84DA6A282A6ED76F00EE7C75 /* AppDelegate.swift in Sources */ = {isa = PBXBuildFile; fileRef = 84DA6A272A6ED76F00EE7C75 /* AppDelegate.swift */; };
		84DA6A2A2A6ED76F00EE7C75 /* SceneDelegate.swift in Sources */ = {isa = PBXBuildFile; fileRef = 84DA6A292A6ED76F00EE7C75 /* SceneDelegate.swift */; };
		84DA6A2C2A6ED76F00EE7C75 /* ViewController.swift in Sources */ = {isa = PBXBuildFile; fileRef = 84DA6A2B2A6ED76F00EE7C75 /* ViewController.swift */; };
		84DA6A2F2A6ED76F00EE7C75 /* Main.storyboard in Resources */ = {isa = PBXBuildFile; fileRef = 84DA6A2D2A6ED76F00EE7C75 /* Main.storyboard */; };
		84DA6A312A6ED77000EE7C75 /* Assets.xcassets in Resources */ = {isa = PBXBuildFile; fileRef = 84DA6A302A6ED77000EE7C75 /* Assets.xcassets */; };
		84DA6A342A6ED77000EE7C75 /* LaunchScreen.storyboard in Resources */ = {isa = PBXBuildFile; fileRef = 84DA6A322A6ED77000EE7C75 /* LaunchScreen.storyboard */; };
		84DA6A432A6EF5DF00EE7C75 /* B.wav in Resources */ = {isa = PBXBuildFile; fileRef = 84DA6A3C2A6EF5DF00EE7C75 /* B.wav */; };
		84DA6A442A6EF5DF00EE7C75 /* F.wav in Resources */ = {isa = PBXBuildFile; fileRef = 84DA6A3D2A6EF5DF00EE7C75 /* F.wav */; };
		84DA6A452A6EF5DF00EE7C75 /* E.wav in Resources */ = {isa = PBXBuildFile; fileRef = 84DA6A3E2A6EF5DF00EE7C75 /* E.wav */; };
		84DA6A462A6EF5DF00EE7C75 /* A.wav in Resources */ = {isa = PBXBuildFile; fileRef = 84DA6A3F2A6EF5DF00EE7C75 /* A.wav */; };
		84DA6A472A6EF5DF00EE7C75 /* D.wav in Resources */ = {isa = PBXBuildFile; fileRef = 84DA6A402A6EF5DF00EE7C75 /* D.wav */; };
		84DA6A482A6EF5DF00EE7C75 /* C.wav in Resources */ = {isa = PBXBuildFile; fileRef = 84DA6A412A6EF5DF00EE7C75 /* C.wav */; };
		84DA6A492A6EF5DF00EE7C75 /* G.wav in Resources */ = {isa = PBXBuildFile; fileRef = 84DA6A422A6EF5DF00EE7C75 /* G.wav */; };
/* End PBXBuildFile section */

/* Begin PBXFileReference section */
		84DA6A242A6ED76F00EE7C75 /* Xylophone.app */ = {isa = PBXFileReference; explicitFileType = wrapper.application; includeInIndex = 0; path = Xylophone.app; sourceTree = BUILT_PRODUCTS_DIR; };
		84DA6A272A6ED76F00EE7C75 /* AppDelegate.swift */ = {isa = PBXFileReference; lastKnownFileType = sourcecode.swift; path = AppDelegate.swift; sourceTree = "<group>"; };
		84DA6A292A6ED76F00EE7C75 /* SceneDelegate.swift */ = {isa = PBXFileReference; lastKnownFileType = sourcecode.swift; path = SceneDelegate.swift; sourceTree = "<group>"; };
		84DA6A2B2A6ED76F00EE7C75 /* ViewController.swift */ = {isa = PBXFileReference; lastKnownFileType = sourcecode.swift; path = ViewController.swift; sourceTree = "<group>"; };
		84DA6A2E2A6ED76F00EE7C75 /* Base */ = {isa = PBXFileReference; lastKnownFileType = file.storyboard; name = Base; path = Base.lproj/Main.storyboard; sourceTree = "<group>"; };
		84DA6A302A6ED77000EE7C75 /* Assets.xcassets */ = {isa = PBXFileReference; lastKnownFileType = folder.assetcatalog; path = Assets.xcassets; sourceTree = "<group>"; };
		84DA6A332A6ED77000EE7C75 /* Base */ = {isa = PBXFileReference; lastKnownFileType = file.storyboard; name = Base; path = Base.lproj/LaunchScreen.storyboard; sourceTree = "<group>"; };
		84DA6A352A6ED77000EE7C75 /* Info.plist */ = {isa = PBXFileReference; lastKnownFileType = text.plist.xml; path = Info.plist; sourceTree = "<group>"; };
		84DA6A3C2A6EF5DF00EE7C75 /* B.wav */ = {isa = PBXFileReference; lastKnownFileType = audio.wav; name = B.wav; path = ../../../../../../Downloads/B.wav; sourceTree = "<group>"; };
		84DA6A3D2A6EF5DF00EE7C75 /* F.wav */ = {isa = PBXFileReference; lastKnownFileType = audio.wav; name = F.wav; path = ../../../../../../Downloads/F.wav; sourceTree = "<group>"; };
		84DA6A3E2A6EF5DF00EE7C75 /* E.wav */ = {isa = PBXFileReference; lastKnownFileType = audio.wav; name = E.wav; path = ../../../../../../Downloads/E.wav; sourceTree = "<group>"; };
		84DA6A3F2A6EF5DF00EE7C75 /* A.wav */ = {isa = PBXFileReference; lastKnownFileType = audio.wav; name = A.wav; path = ../../../../../../Downloads/A.wav; sourceTree = "<group>"; };
		84DA6A402A6EF5DF00EE7C75 /* D.wav */ = {isa = PBXFileReference; lastKnownFileType = audio.wav; name = D.wav; path = ../../../../../../Downloads/D.wav; sourceTree = "<group>"; };
		84DA6A412A6EF5DF00EE7C75 /* C.wav */ = {isa = PBXFileReference; lastKnownFileType = audio.wav; name = C.wav; path = ../../../../../../Downloads/C.wav; sourceTree = "<group>"; };
		84DA6A422A6EF5DF00EE7C75 /* G.wav */ = {isa = PBXFileReference; lastKnownFileType = audio.wav; name = G.wav; path = ../../../../../../Downloads/G.wav; sourceTree = "<group>"; };
/* End PBXFileReference section */

/* Begin PBXFrameworksBuildPhase section */
		84DA6A212A6ED76F00EE7C75 /* Frameworks */ = {
			isa = PBXFrameworksBuildPhase;
			buildActionMask = 2147483647;
			files = (
			);
			runOnlyForDeploymentPostprocessing = 0;
		};
/* End PBXFrameworksBuildPhase section */

/* Begin PBXGroup section */
		84DA6A1B2A6ED76F00EE7C75 = {
			isa = PBXGroup;
			children = (
				84DA6A262A6ED76F00EE7C75 /* Xylophone */,
				84DA6A252A6ED76F00EE7C75 /* Products */,
			);
			sourceTree = "<group>";
		};
		84DA6A252A6ED76F00EE7C75 /* Products */ = {
			isa = PBXGroup;
			children = (
				84DA6A242A6ED76F00EE7C75 /* Xylophone.app */,
			);
			name = Products;
			sourceTree = "<group>";
		};
		84DA6A262A6ED76F00EE7C75 /* Xylophone */ = {
			isa = PBXGroup;
			children = (
				84DA6A272A6ED76F00EE7C75 /* AppDelegate.swift */,
				84DA6A292A6ED76F00EE7C75 /* SceneDelegate.swift */,
				84DA6A2B2A6ED76F00EE7C75 /* ViewController.swift */,
				84DA6A2D2A6ED76F00EE7C75 /* Main.storyboard */,
				84DA6A302A6ED77000EE7C75 /* Assets.xcassets */,
				84DA6A322A6ED77000EE7C75 /* LaunchScreen.storyboard */,
				84DA6A352A6ED77000EE7C75 /* Info.plist */,
				84DA6A3B2A6EF5B400EE7C75 /* Sounds */,
			);
			path = Xylophone;
			sourceTree = "<group>";
		};
		84DA6A3B2A6EF5B400EE7C75 /* Sounds */ = {
			isa = PBXGroup;
			children = (
				84DA6A3F2A6EF5DF00EE7C75 /* A.wav */,
				84DA6A3C2A6EF5DF00EE7C75 /* B.wav */,
				84DA6A412A6EF5DF00EE7C75 /* C.wav */,
				84DA6A402A6EF5DF00EE7C75 /* D.wav */,
				84DA6A3E2A6EF5DF00EE7C75 /* E.wav */,
				84DA6A3D2A6EF5DF00EE7C75 /* F.wav */,
				84DA6A422A6EF5DF00EE7C75 /* G.wav */,
			);
			path = Sounds;
			sourceTree = "<group>";
		};
/* End PBXGroup section */

/* Begin PBXNativeTarget section */
		84DA6A232A6ED76F00EE7C75 /* Xylophone */ = {
			isa = PBXNativeTarget;
			buildConfigurationList = 84DA6A382A6ED77000EE7C75 /* Build configuration list for PBXNativeTarget "Xylophone" */;
			buildPhases = (
				84DA6A202A6ED76F00EE7C75 /* Sources */,
				84DA6A212A6ED76F00EE7C75 /* Frameworks */,
				84DA6A222A6ED76F00EE7C75 /* Resources */,
			);
			buildRules = (
			);
			dependencies = (
			);
			name = Xylophone;
			productName = Xylophone;
			productReference = 84DA6A242A6ED76F00EE7C75 /* Xylophone.app */;
			productType = "com.apple.product-type.application";
		};
/* End PBXNativeTarget section */

/* Begin PBXProject section */
		84DA6A1C2A6ED76F00EE7C75 /* Project object */ = {
			isa = PBXProject;
			attributes = {
				BuildIndependentTargetsInParallel = 1;
				LastSwiftUpdateCheck = 1430;
				LastUpgradeCheck = 1430;
				TargetAttributes = {
					84DA6A232A6ED76F00EE7C75 = {
						CreatedOnToolsVersion = 14.3.1;
					};
				};
			};
			buildConfigurationList = 84DA6A1F2A6ED76F00EE7C75 /* Build configuration list for PBXProject "Xylophone" */;
			compatibilityVersion = "Xcode 14.0";
			developmentRegion = en;
			hasScannedForEncodings = 0;
			knownRegions = (
				en,
				Base,
			);
			mainGroup = 84DA6A1B2A6ED76F00EE7C75;
			productRefGroup = 84DA6A252A6ED76F00EE7C75 /* Products */;
			projectDirPath = "";
			projectRoot = "";
			targets = (
				84DA6A232A6ED76F00EE7C75 /* Xylophone */,
			);
		};
/* End PBXProject section */

/* Begin PBXResourcesBuildPhase section */
		84DA6A222A6ED76F00EE7C75 /* Resources */ = {
			isa = PBXResourcesBuildPhase;
			buildActionMask = 2147483647;
			files = (
				84DA6A462A6EF5DF00EE7C75 /* A.wav in Resources */,
				84DA6A452A6EF5DF00EE7C75 /* E.wav in Resources */,
				84DA6A342A6ED77000EE7C75 /* LaunchScreen.storyboard in Resources */,
				84DA6A482A6EF5DF00EE7C75 /* C.wav in Resources */,
				84DA6A312A6ED77000EE7C75 /* Assets.xcassets in Resources */,
				84DA6A2F2A6ED76F00EE7C75 /* Main.storyboard in Resources */,
				84DA6A492A6EF5DF00EE7C75 /* G.wav in Resources */,
				84DA6A472A6EF5DF00EE7C75 /* D.wav in Resources */,
				84DA6A442A6EF5DF00EE7C75 /* F.wav in Resources */,
				84DA6A432A6EF5DF00EE7C75 /* B.wav in Resources */,
			);
			runOnlyForDeploymentPostprocessing = 0;
		};
/* End PBXResourcesBuildPhase section */

/* Begin PBXSourcesBuildPhase section */
		84DA6A202A6ED76F00EE7C75 /* Sources */ = {
			isa = PBXSourcesBuildPhase;
			buildActionMask = 2147483647;
			files = (
				84DA6A2C2A6ED76F00EE7C75 /* ViewController.swift in Sources */,
				84DA6A282A6ED76F00EE7C75 /* AppDelegate.swift in Sources */,
				84DA6A2A2A6ED76F00EE7C75 /* SceneDelegate.swift in Sources */,
			);
			runOnlyForDeploymentPostprocessing = 0;
		};
/* End PBXSourcesBuildPhase section */

/* Begin PBXVariantGroup section */
		84DA6A2D2A6ED76F00EE7C75 /* Main.storyboard */ = {
			isa = PBXVariantGroup;
			children = (
				84DA6A2E2A6ED76F00EE7C75 /* Base */,
			);
			name = Main.storyboard;
			sourceTree = "<group>";
		};
		84DA6A322A6ED77000EE7C75 /* LaunchScreen.storyboard */ = {
			isa = PBXVariantGroup;
			children = (
				84DA6A332A6ED77000EE7C75 /* Base */,
			);
			name = LaunchScreen.storyboard;
			sourceTree = "<group>";
		};
/* End PBXVariantGroup section */

/* Begin XCBuildConfiguration section */
		84DA6A362A6ED77000EE7C75 /* Debug */ = {
			isa = XCBuildConfiguration;
			buildSettings = {
				ALWAYS_SEARCH_USER_PATHS = NO;
				CLANG_ANALYZER_NONNULL = YES;
				CLANG_ANALYZER_NUMBER_OBJECT_CONVERSION = YES_AGGRESSIVE;
				CLANG_CXX_LANGUAGE_STANDARD = "gnu++20";
				CLANG_ENABLE_MODULES = YES;
				CLANG_ENABLE_OBJC_ARC = YES;
				CLANG_ENABLE_OBJC_WEAK = YES;
				CLANG_WARN_BLOCK_CAPTURE_AUTORELEASING = YES;
				CLANG_WARN_BOOL_CONVERSION = YES;
				CLANG_WARN_COMMA = YES;
				CLANG_WARN_CONSTANT_CONVERSION = YES;
				CLANG_WARN_DEPRECATED_OBJC_IMPLEMENTATIONS = YES;
				CLANG_WARN_DIRECT_OBJC_ISA_USAGE = YES_ERROR;
				CLANG_WARN_DOCUMENTATION_COMMENTS = YES;
				CLANG_WARN_EMPTY_BODY = YES;
				CLANG_WARN_ENUM_CONVERSION = YES;
				CLANG_WARN_INFINITE_RECURSION = YES;
				CLANG_WARN_INT_CONVERSION = YES;
				CLANG_WARN_NON_LITERAL_NULL_CONVERSION = YES;
				CLANG_WARN_OBJC_IMPLICIT_RETAIN_SELF = YES;
				CLANG_WARN_OBJC_LITERAL_CONVERSION = YES;
				CLANG_WARN_OBJC_ROOT_CLASS = YES_ERROR;
				CLANG_WARN_QUOTED_INCLUDE_IN_FRAMEWORK_HEADER = YES;
				CLANG_WARN_RANGE_LOOP_ANALYSIS = YES;
				CLANG_WARN_STRICT_PROTOTYPES = YES;
				CLANG_WARN_SUSPICIOUS_MOVE = YES;
				CLANG_WARN_UNGUARDED_AVAILABILITY = YES_AGGRESSIVE;
				CLANG_WARN_UNREACHABLE_CODE = YES;
				CLANG_WARN__DUPLICATE_METHOD_MATCH = YES;
				COPY_PHASE_STRIP = NO;
				DEBUG_INFORMATION_FORMAT = dwarf;
				ENABLE_STRICT_OBJC_MSGSEND = YES;
				ENABLE_TESTABILITY = YES;
				GCC_C_LANGUAGE_STANDARD = gnu11;
				GCC_DYNAMIC_NO_PIC = NO;
				GCC_NO_COMMON_BLOCKS = YES;
				GCC_OPTIMIZATION_LEVEL = 0;
				GCC_PREPROCESSOR_DEFINITIONS = (
					"DEBUG=1",
					"$(inherited)",
				);
				GCC_WARN_64_TO_32_BIT_CONVERSION = YES;
				GCC_WARN_ABOUT_RETURN_TYPE = YES_ERROR;
				GCC_WARN_UNDECLARED_SELECTOR = YES;
				GCC_WARN_UNINITIALIZED_AUTOS = YES_AGGRESSIVE;
				GCC_WARN_UNUSED_FUNCTION = YES;
				GCC_WARN_UNUSED_VARIABLE = YES;
				IPHONEOS_DEPLOYMENT_TARGET = 16.4;
				MTL_ENABLE_DEBUG_INFO = INCLUDE_SOURCE;
				MTL_FAST_MATH = YES;
				ONLY_ACTIVE_ARCH = YES;
				SDKROOT = iphoneos;
				SWIFT_ACTIVE_COMPILATION_CONDITIONS = DEBUG;
				SWIFT_OPTIMIZATION_LEVEL = "-Onone";
			};
			name = Debug;
		};
		84DA6A372A6ED77000EE7C75 /* Release */ = {
			isa = XCBuildConfiguration;
			buildSettings = {
				ALWAYS_SEARCH_USER_PATHS = NO;
				CLANG_ANALYZER_NONNULL = YES;
				CLANG_ANALYZER_NUMBER_OBJECT_CONVERSION = YES_AGGRESSIVE;
				CLANG_CXX_LANGUAGE_STANDARD = "gnu++20";
				CLANG_ENABLE_MODULES = YES;
				CLANG_ENABLE_OBJC_ARC = YES;
				CLANG_ENABLE_OBJC_WEAK = YES;
				CLANG_WARN_BLOCK_CAPTURE_AUTORELEASING = YES;
				CLANG_WARN_BOOL_CONVERSION = YES;
				CLANG_WARN_COMMA = YES;
				CLANG_WARN_CONSTANT_CONVERSION = YES;
				CLANG_WARN_DEPRECATED_OBJC_IMPLEMENTATIONS = YES;
				CLANG_WARN_DIRECT_OBJC_ISA_USAGE = YES_ERROR;
				CLANG_WARN_DOCUMENTATION_COMMENTS = YES;
				CLANG_WARN_EMPTY_BODY = YES;
				CLANG_WARN_ENUM_CONVERSION = YES;
				CLANG_WARN_INFINITE_RECURSION = YES;
				CLANG_WARN_INT_CONVERSION = YES;
				CLANG_WARN_NON_LITERAL_NULL_CONVERSION = YES;
				CLANG_WARN_OBJC_IMPLICIT_RETAIN_SELF = YES;
				CLANG_WARN_OBJC_LITERAL_CONVERSION = YES;
				CLANG_WARN_OBJC_ROOT_CLASS = YES_ERROR;
				CLANG_WARN_QUOTED_INCLUDE_IN_FRAMEWORK_HEADER = YES;
				CLANG_WARN_RANGE_LOOP_ANALYSIS = YES;
				CLANG_WARN_STRICT_PROTOTYPES = YES;
				CLANG_WARN_SUSPICIOUS_MOVE = YES;
				CLANG_WARN_UNGUARDED_AVAILABILITY = YES_AGGRESSIVE;
				CLANG_WARN_UNREACHABLE_CODE = YES;
				CLANG_WARN__DUPLICATE_METHOD_MATCH = YES;
				COPY_PHASE_STRIP = NO;
				DEBUG_INFORMATION_FORMAT = "dwarf-with-dsym";
				ENABLE_NS_ASSERTIONS = NO;
				ENABLE_STRICT_OBJC_MSGSEND = YES;
				GCC_C_LANGUAGE_STANDARD = gnu11;
				GCC_NO_COMMON_BLOCKS = YES;
				GCC_WARN_64_TO_32_BIT_CONVERSION = YES;
				GCC_WARN_ABOUT_RETURN_TYPE = YES_ERROR;
				GCC_WARN_UNDECLARED_SELECTOR = YES;
				GCC_WARN_UNINITIALIZED_AUTOS = YES_AGGRESSIVE;
				GCC_WARN_UNUSED_FUNCTION = YES;
				GCC_WARN_UNUSED_VARIABLE = YES;
				IPHONEOS_DEPLOYMENT_TARGET = 16.4;
				MTL_ENABLE_DEBUG_INFO = NO;
				MTL_FAST_MATH = YES;
				SDKROOT = iphoneos;
				SWIFT_COMPILATION_MODE = wholemodule;
				SWIFT_OPTIMIZATION_LEVEL = "-O";
				VALIDATE_PRODUCT = YES;
			};
			name = Release;
		};
		84DA6A392A6ED77000EE7C75 /* Debug */ = {
			isa = XCBuildConfiguration;
			buildSettings = {
				ASSETCATALOG_COMPILER_APPICON_NAME = AppIcon;
				ASSETCATALOG_COMPILER_GLOBAL_ACCENT_COLOR_NAME = AccentColor;
				CODE_SIGN_STYLE = Automatic;
				CURRENT_PROJECT_VERSION = 1;
				DEVELOPMENT_TEAM = R5SS3C487L;
				GENERATE_INFOPLIST_FILE = YES;
				INFOPLIST_FILE = Xylophone/Info.plist;
				INFOPLIST_KEY_UIApplicationSupportsIndirectInputEvents = YES;
				INFOPLIST_KEY_UILaunchStoryboardName = LaunchScreen;
				INFOPLIST_KEY_UIMainStoryboardFile = Main;
				INFOPLIST_KEY_UISupportedInterfaceOrientations = UIInterfaceOrientationPortrait;
				INFOPLIST_KEY_UISupportedInterfaceOrientations_iPad = "UIInterfaceOrientationLandscapeLeft UIInterfaceOrientationLandscapeRight UIInterfaceOrientationPortrait UIInterfaceOrientationPortraitUpsideDown";
				IPHONEOS_DEPLOYMENT_TARGET = 15.0;
				LD_RUNPATH_SEARCH_PATHS = (
					"$(inherited)",
					"@executable_path/Frameworks",
				);
				MARKETING_VERSION = 1.0;
				PRODUCT_BUNDLE_IDENTIFIER = com.privetyanikita.Xylophone;
				PRODUCT_NAME = "$(TARGET_NAME)";
				SUPPORTED_PLATFORMS = "iphoneos iphonesimulator";
				SUPPORTS_MACCATALYST = NO;
				SUPPORTS_MAC_DESIGNED_FOR_IPHONE_IPAD = NO;
				SWIFT_EMIT_LOC_STRINGS = YES;
				SWIFT_VERSION = 5.0;
				TARGETED_DEVICE_FAMILY = 1;
			};
			name = Debug;
		};
		84DA6A3A2A6ED77000EE7C75 /* Release */ = {
			isa = XCBuildConfiguration;
			buildSettings = {
				ASSETCATALOG_COMPILER_APPICON_NAME = AppIcon;
				ASSETCATALOG_COMPILER_GLOBAL_ACCENT_COLOR_NAME = AccentColor;
				CODE_SIGN_STYLE = Automatic;
				CURRENT_PROJECT_VERSION = 1;
				DEVELOPMENT_TEAM = R5SS3C487L;
				GENERATE_INFOPLIST_FILE = YES;
				INFOPLIST_FILE = Xylophone/Info.plist;
				INFOPLIST_KEY_UIApplicationSupportsIndirectInputEvents = YES;
				INFOPLIST_KEY_UILaunchStoryboardName = LaunchScreen;
				INFOPLIST_KEY_UIMainStoryboardFile = Main;
				INFOPLIST_KEY_UISupportedInterfaceOrientations = UIInterfaceOrientationPortrait;
				INFOPLIST_KEY_UISupportedInterfaceOrientations_iPad = "UIInterfaceOrientationLandscapeLeft UIInterfaceOrientationLandscapeRight UIInterfaceOrientationPortrait UIInterfaceOrientationPortraitUpsideDown";
				IPHONEOS_DEPLOYMENT_TARGET = 15.0;
				LD_RUNPATH_SEARCH_PATHS = (
					"$(inherited)",
					"@executable_path/Frameworks",
				);
				MARKETING_VERSION = 1.0;
				PRODUCT_BUNDLE_IDENTIFIER = com.privetyanikita.Xylophone;
				PRODUCT_NAME = "$(TARGET_NAME)";
				SUPPORTED_PLATFORMS = "iphoneos iphonesimulator";
				SUPPORTS_MACCATALYST = NO;
				SUPPORTS_MAC_DESIGNED_FOR_IPHONE_IPAD = NO;
				SWIFT_EMIT_LOC_STRINGS = YES;
				SWIFT_VERSION = 5.0;
				TARGETED_DEVICE_FAMILY = 1;
			};
			name = Release;
		};
/* End XCBuildConfiguration section */

/* Begin XCConfigurationList section */
		84DA6A1F2A6ED76F00EE7C75 /* Build configuration list for PBXProject "Xylophone" */ = {
			isa = XCConfigurationList;
			buildConfigurations = (
				84DA6A362A6ED77000EE7C75 /* Debug */,
				84DA6A372A6ED77000EE7C75 /* Release */,
			);
			defaultConfigurationIsVisible = 0;
			defaultConfigurationName = Release;
		};
		84DA6A382A6ED77000EE7C75 /* Build configuration list for PBXNativeTarget "Xylophone" */ = {
			isa = XCConfigurationList;
			buildConfigurations = (
				84DA6A392A6ED77000EE7C75 /* Debug */,
				84DA6A3A2A6ED77000EE7C75 /* Release */,
			);
			defaultConfigurationIsVisible = 0;
			defaultConfigurationName = Release;
		};
/* End XCConfigurationList section */
	};
	rootObject = 84DA6A1C2A6ED76F00EE7C75 /* Project object */;
}
